hash: 41d578fc18931a127939b02083d1aa2ce24598dbf2fd6d43968a81f19b4398f9
updated: 2017-11-14T09:42:26.263337+08:00
imports:
- name: github.com/fsnotify/fsnotify
  version: 4da3e2cfbabc9f751898f250b49f2439785783a1
- name: github.com/golang/protobuf
  version: 1e59b77b52bf8e4b449a57e6f79f21226d571845
  subpackages:
  - proto
  - ptypes
  - ptypes/any
  - ptypes/duration
  - ptypes/timestamp
- name: github.com/golang/snappy
  version: 553a641470496b2327abcac10b36396bd98e45c9
- name: github.com/hashicorp/hcl
  version: 23c074d0eceb2b8a5bfdbb271ab780cde70f05a8
  subpackages:
  - hcl/ast
  - hcl/parser
  - hcl/scanner
  - hcl/strconv
  - hcl/token
  - json/parser
  - json/scanner
  - json/token
- name: github.com/magiconair/properties
  version: 49d762b9817ba1c2e9d0c69183c2b4a8b8f1d934
- name: github.com/mitchellh/mapstructure
  version: 06020f85339e21b2478f756a78e295255ffa4d6a
- name: github.com/pelletier/go-toml
  version: 4e9e0ee19b60b13eb79915933f44d8ed5f268bdd
- name: github.com/pquerna/ffjson
  version: d49c2bc1aa135aad0c6f4fc2056623ec78f5d5ac
  subpackages:
  - fflib/v1
  - fflib/v1/internal
- name: github.com/spf13/afero
  version: 8d919cbe7e2627e417f3e45c3c0e489a5b7e2536
  subpackages:
  - mem
- name: github.com/spf13/cast
  version: acbeb36b902d72a7a4c18e8f3241075e7ab763e4
- name: github.com/spf13/jwalterweatherman
  version: 12bd96e66386c1960ab0f74ced1362f66f552f7b
- name: github.com/spf13/pflag
  version: 4c012f6dcd9546820e378d0bdda4d8fc772cdfea
- name: github.com/spf13/viper
  version: 25b30aa063fc18e48662b86996252eabdcf2f0c7
- name: github.com/syndtr/goleveldb
  version: 549b6d6b1c0419617182954dd77770f2e2685ed5
  subpackages:
  - leveldb
  - leveldb/cache
  - leveldb/comparer
  - leveldb/errors
  - leveldb/filter
  - leveldb/iterator
  - leveldb/journal
  - leveldb/memdb
  - leveldb/opt
  - leveldb/storage
  - leveldb/table
  - leveldb/util
- name: github.com/xtaci/kcp-go
  version: 69dab7fa0029c4ee5917b03a6a259762533379d8
- name: golang.org/x/crypto
  version: 9f005a07e0d31d45e6656d241bb5c0f2efd4bc94
  subpackages:
  - sha3
- name: golang.org/x/net
  version: a337091b0525af65de94df2eb7e98bd9962dcbe2
  subpackages:
  - context
  - http2
  - http2/hpack
  - idna
  - internal/timeseries
  - lex/httplex
  - trace
- name: golang.org/x/sys
  version: 665f6529cca930e27b831a0d1dafffbe1c172924
  subpackages:
  - unix
- name: golang.org/x/text
  version: 88f656faf3f37f690df1a32515b479415e1a6769
  subpackages:
  - secure/bidirule
  - transform
  - unicode/bidi
  - unicode/norm
- name: google.golang.org/genproto
  version: 11c7f9e547da6db876260ce49ea7536985904c9b
  subpackages:
  - googleapis/rpc/status
- name: google.golang.org/grpc
  version: 5ffe3083946d5603a0578721101dc8165b1d5b5f
  subpackages:
  - balancer
  - codes
  - connectivity
  - credentials
  - grpclb/grpc_lb_v1/messages
  - grpclog
  - internal
  - keepalive
  - metadata
  - naming
  - peer
  - resolver
  - stats
  - status
  - tap
  - transport
- name: gopkg.in/mgo.v2
  version: 3f83fa5005286a7fe593b055f0d7771a7dce4655
- name: gopkg.in/yaml.v2
  version: eb3733d160e74a9c7e442f435eb3bea458e1d19f
testImports: []
